
Microsoft Visual Studio Solution File, Format Version 11.00
# Visual Studio 2010
Project("{FAE04EC0-301F-11D3-BF4B-00C04F79EFBC}") = "LabGraph1", "LabGraph1\LabGraph1.csproj", "{FD447D5B-E666-4B67-AB88-E696F3CD6A2D}"
EndProject
Global
	GlobalSection(SolutionConfigurationPlatforms) = preSolution
		Debug|x86 = Debug|x86
		Release|x86 = Release|x86
	EndGlobalSection
	GlobalSection(ProjectConfigurationPlatforms) = postSolution
		{FD447D5B-E666-4B67-AB88-E696F3CD6A2D}.Debug|x86.ActiveCfg = Debug|x86
		{FD447D5B-E666-4B67-AB88-E696F3CD6A2D}.Debug|x86.Build.0 = Debug|x86
		{FD447D5B-E666-4B67-AB88-E696F3CD6A2D}.Release|x86.ActiveCfg = Release|x86
		{FD447D5B-E666-4B67-AB88-E696F3CD6A2D}.Release|x86.Build.0 = Release|x86
	EndGlobalSection
	GlobalSection(SolutionProperties) = preSolution
		HideSolutionNode = FALSE
	EndGlobalSection
EndGlobal
